PODS:
  - AFNetworking (4.0.1):
    - AFNetworking/NSURLSession (= 4.0.1)
    - AFNetworking/Reachability (= 4.0.1)
    - AFNetworking/Security (= 4.0.1)
    - AFNetworking/Serialization (= 4.0.1)
    - AFNetworking/UIKit (= 4.0.1)
  - AFNetworking/NSURLSession (4.0.1):
    - AFNetworking/Reachability
    - AFNetworking/Security
    - AFNetworking/Serialization
  - AFNetworking/Reachability (4.0.1)
  - AFNetworking/Security (4.0.1)
  - AFNetworking/Serialization (4.0.1)
  - AFNetworking/UIKit (4.0.1):
    - AFNetworking/NSURLSession
  - CYLTabBarController (1.29.0):
    - CYLTabBarController/Core (= 1.29.0)
  - CYLTabBarController/Core (1.29.0)
  - FDFullscreenPopGesture (1.1)
  - IQKeyboardManager (6.5.6)
  - JKCategories (1.9.1):
    - JKCategories/CoreData (= 1.9.1)
    - JKCategories/CoreLocation (= 1.9.1)
    - JKCategories/Foundation (= 1.9.1)
    - JKCategories/MapKit (= 1.9.1)
    - JKCategories/QuartzCore (= 1.9.1)
    - JKCategories/UIKit (= 1.9.1)
  - JKCategories/CoreData (1.9.1):
    - JKCategories/CoreData/NSFetchRequest (= 1.9.1)
    - JKCategories/CoreData/NSManagedObject (= 1.9.1)
    - JKCategories/CoreData/NSManagedObjectContext (= 1.9.1)
  - JKCategories/CoreData/NSFetchRequest (1.9.1)
  - JKCategories/CoreData/NSManagedObject (1.9.1):
    - JKCategories/CoreData/NSManagedObjectContext
  - JKCategories/CoreData/NSManagedObjectContext (1.9.1):
    - JKCategories/CoreData/NSFetchRequest
  - JKCategories/CoreLocation (1.9.1):
    - JKCategories/CoreLocation/CLLocation (= 1.9.1)
  - JKCategories/CoreLocation/CLLocation (1.9.1)
  - JKCategories/Foundation (1.9.1):
    - JKCategories/Foundation/NSArray (= 1.9.1)
    - JKCategories/Foundation/NSBundle (= 1.9.1)
    - JKCategories/Foundation/NSData (= 1.9.1)
    - JKCategories/Foundation/NSDate (= 1.9.1)
    - JKCategories/Foundation/NSDateFormatter (= 1.9.1)
    - JKCategories/Foundation/NSDictionary (= 1.9.1)
    - JKCategories/Foundation/NSException (= 1.9.1)
    - JKCategories/Foundation/NSFileHandle (= 1.9.1)
    - JKCategories/Foundation/NSFileManager (= 1.9.1)
    - JKCategories/Foundation/NSHTTPCookieStorage (= 1.9.1)
    - JKCategories/Foundation/NSIndexPath (= 1.9.1)
    - JKCategories/Foundation/NSInvocation (= 1.9.1)
    - JKCategories/Foundation/NSNotificationCenter (= 1.9.1)
    - JKCategories/Foundation/NSNumber (= 1.9.1)
    - JKCategories/Foundation/NSObject (= 1.9.1)
    - JKCategories/Foundation/NSRunLoop (= 1.9.1)
    - JKCategories/Foundation/NSSet (= 1.9.1)
    - JKCategories/Foundation/NSString (= 1.9.1)
    - JKCategories/Foundation/NSTimer (= 1.9.1)
    - JKCategories/Foundation/NSURL (= 1.9.1)
    - JKCategories/Foundation/NSURLConnection (= 1.9.1)
    - JKCategories/Foundation/NSURLRequest (= 1.9.1)
    - JKCategories/Foundation/NSURLSession (= 1.9.1)
    - JKCategories/Foundation/NSUserDefaults (= 1.9.1)
  - JKCategories/Foundation/NSArray (1.9.1)
  - JKCategories/Foundation/NSBundle (1.9.1)
  - JKCategories/Foundation/NSData (1.9.1)
  - JKCategories/Foundation/NSDate (1.9.1)
  - JKCategories/Foundation/NSDateFormatter (1.9.1)
  - JKCategories/Foundation/NSDictionary (1.9.1)
  - JKCategories/Foundation/NSException (1.9.1)
  - JKCategories/Foundation/NSFileHandle (1.9.1)
  - JKCategories/Foundation/NSFileManager (1.9.1)
  - JKCategories/Foundation/NSHTTPCookieStorage (1.9.1)
  - JKCategories/Foundation/NSIndexPath (1.9.1)
  - JKCategories/Foundation/NSInvocation (1.9.1)
  - JKCategories/Foundation/NSNotificationCenter (1.9.1)
  - JKCategories/Foundation/NSNumber (1.9.1)
  - JKCategories/Foundation/NSObject (1.9.1)
  - JKCategories/Foundation/NSRunLoop (1.9.1)
  - JKCategories/Foundation/NSSet (1.9.1)
  - JKCategories/Foundation/NSString (1.9.1):
    - JKCategories/Foundation/NSData
  - JKCategories/Foundation/NSTimer (1.9.1)
  - JKCategories/Foundation/NSURL (1.9.1)
  - JKCategories/Foundation/NSURLConnection (1.9.1)
  - JKCategories/Foundation/NSURLRequest (1.9.1)
  - JKCategories/Foundation/NSURLSession (1.9.1)
  - JKCategories/Foundation/NSUserDefaults (1.9.1)
  - JKCategories/MapKit (1.9.1):
    - JKCategories/MapKit/MKMapView (= 1.9.1)
  - JKCategories/MapKit/MKMapView (1.9.1)
  - JKCategories/QuartzCore (1.9.1):
    - JKCategories/QuartzCore/CAAnimation (= 1.9.1)
    - JKCategories/QuartzCore/CALayer (= 1.9.1)
    - JKCategories/QuartzCore/CAMediaTimingFunction (= 1.9.1)
    - JKCategories/QuartzCore/CAShapeLayer (= 1.9.1)
    - JKCategories/QuartzCore/CATransaction (= 1.9.1)
  - JKCategories/QuartzCore/CAAnimation (1.9.1)
  - JKCategories/QuartzCore/CALayer (1.9.1)
  - JKCategories/QuartzCore/CAMediaTimingFunction (1.9.1)
  - JKCategories/QuartzCore/CAShapeLayer (1.9.1)
  - JKCategories/QuartzCore/CATransaction (1.9.1)
  - JKCategories/UIKit (1.9.1):
    - JKCategories/UIKit/UIApplication (= 1.9.1)
    - JKCategories/UIKit/UIBarButtonItem (= 1.9.1)
    - JKCategories/UIKit/UIBezierPath (= 1.9.1)
    - JKCategories/UIKit/UIButton (= 1.9.1)
    - JKCategories/UIKit/UIColor (= 1.9.1)
    - JKCategories/UIKit/UIControl (= 1.9.1)
    - JKCategories/UIKit/UIDevice (= 1.9.1)
    - JKCategories/UIKit/UIFont (= 1.9.1)
    - JKCategories/UIKit/UIImage (= 1.9.1)
    - JKCategories/UIKit/UIImageView (= 1.9.1)
    - JKCategories/UIKit/UILable (= 1.9.1)
    - JKCategories/UIKit/UINavigationBar (= 1.9.1)
    - JKCategories/UIKit/UINavigationController (= 1.9.1)
    - JKCategories/UIKit/UINavigationItem (= 1.9.1)
    - JKCategories/UIKit/UIPopoverController (= 1.9.1)
    - JKCategories/UIKit/UIResponder (= 1.9.1)
    - JKCategories/UIKit/UIScreen (= 1.9.1)
    - JKCategories/UIKit/UIScrollView (= 1.9.1)
    - JKCategories/UIKit/UISearchBar (= 1.9.1)
    - JKCategories/UIKit/UISplitViewController (= 1.9.1)
    - JKCategories/UIKit/UITableView (= 1.9.1)
    - JKCategories/UIKit/UITableViewCell (= 1.9.1)
    - JKCategories/UIKit/UITextField (= 1.9.1)
    - JKCategories/UIKit/UITextView (= 1.9.1)
    - JKCategories/UIKit/UIView (= 1.9.1)
    - JKCategories/UIKit/UIViewController (= 1.9.1)
    - JKCategories/UIKit/UIWindow (= 1.9.1)
  - JKCategories/UIKit/UIApplication (1.9.1)
  - JKCategories/UIKit/UIBarButtonItem (1.9.1)
  - JKCategories/UIKit/UIBezierPath (1.9.1)
  - JKCategories/UIKit/UIButton (1.9.1)
  - JKCategories/UIKit/UIColor (1.9.1)
  - JKCategories/UIKit/UIControl (1.9.1)
  - JKCategories/UIKit/UIDevice (1.9.1)
  - JKCategories/UIKit/UIFont (1.9.1)
  - JKCategories/UIKit/UIImage (1.9.1)
  - JKCategories/UIKit/UIImageView (1.9.1)
  - JKCategories/UIKit/UILable (1.9.1)
  - JKCategories/UIKit/UINavigationBar (1.9.1)
  - JKCategories/UIKit/UINavigationController (1.9.1)
  - JKCategories/UIKit/UINavigationItem (1.9.1)
  - JKCategories/UIKit/UIPopoverController (1.9.1)
  - JKCategories/UIKit/UIResponder (1.9.1)
  - JKCategories/UIKit/UIScreen (1.9.1)
  - JKCategories/UIKit/UIScrollView (1.9.1)
  - JKCategories/UIKit/UISearchBar (1.9.1)
  - JKCategories/UIKit/UISplitViewController (1.9.1)
  - JKCategories/UIKit/UITableView (1.9.1)
  - JKCategories/UIKit/UITableViewCell (1.9.1)
  - JKCategories/UIKit/UITextField (1.9.1)
  - JKCategories/UIKit/UITextView (1.9.1)
  - JKCategories/UIKit/UIView (1.9.1)
  - JKCategories/UIKit/UIViewController (1.9.1)
  - JKCategories/UIKit/UIWindow (1.9.1)
  - JSONModel (1.8.0)
  - JXCategoryView (1.5.6)
  - libwebp (1.1.0):
    - libwebp/demux (= 1.1.0)
    - libwebp/mux (= 1.1.0)
    - libwebp/webp (= 1.1.0)
  - libwebp/demux (1.1.0):
    - libwebp/webp
  - libwebp/mux (1.1.0):
    - libwebp/demux
  - libwebp/webp (1.1.0)
  - M13ProgressSuite (1.2.9)
  - Masonry (1.1.0)
  - MBProgressHUD (1.2.0)
  - MJExtension (3.2.2)
  - MJRefresh (3.5.0)
  - SDCycleScrollView (1.80):
    - SDWebImage (>= 5.0.0)
  - SDWebImage (5.9.1):
    - SDWebImage/Core (= 5.9.1)
  - SDWebImage/Core (5.9.1)
  - TZImagePickerController (3.4.2)
  - YTKNetwork (3.0.4):
    - AFNetworking/NSURLSession (~> 4.0)
  - YYAsyncLayer (1.0)
  - YYImage (1.0.4):
    - YYImage/Core (= 1.0.4)
  - YYImage/Core (1.0.4)
  - YYModel (1.0.4)
  - YYText (1.0.7)

DEPENDENCIES:
  - AFNetworking
  - CYLTabBarController (~> 1.29.0)
  - FDFullscreenPopGesture
  - IQKeyboardManager
  - JKCategories
  - JSONModel
  - JXCategoryView
  - libwebp
  - M13ProgressSuite
  - Masonry
  - MBProgressHUD
  - MJExtension
  - MJRefresh
  - SDCycleScrollView
  - SDWebImage
  - TZImagePickerController
  - YTKNetwork
  - YYAsyncLayer
  - YYImage
  - YYModel
  - YYText

SPEC REPOS:
  trunk:
    - AFNetworking
    - CYLTabBarController
    - FDFullscreenPopGesture
    - IQKeyboardManager
    - JKCategories
    - JSONModel
    - JXCategoryView
    - libwebp
    - M13ProgressSuite
    - Masonry
    - MBProgressHUD
    - MJExtension
    - MJRefresh
    - SDCycleScrollView
    - SDWebImage
    - TZImagePickerController
    - YTKNetwork
    - YYAsyncLayer
    - YYImage
    - YYModel
    - YYText

SPEC CHECKSUMS:
  AFNetworking: 7864c38297c79aaca1500c33288e429c3451fdce
  CYLTabBarController: f5460b8446f82d016945d4d53895a1ef185b79e3
  FDFullscreenPopGesture: a8a620179e3d9c40e8e00256dcee1c1a27c6d0f0
  IQKeyboardManager: 2a6e97afdafc7becf0cb17a9a8d795e3a980717f
  JKCategories: 5bd36ff325c80652cc2e47b689bfc0e81c563d76
  JSONModel: 02ab723958366a3fd27da57ea2af2113658762e9
  JXCategoryView: 603ccd8277a89b1a73e9cedb9d8ed4b294576008
  libwebp: 04242ef451672185c1fe41b285a034d2fbda483c
  M13ProgressSuite: ea9f7263e73e9215e6849dfa54e29ee0ad6a145c
  Masonry: 678fab65091a9290e40e2832a55e7ab731aad201
  MBProgressHUD: 3ee5efcc380f6a79a7cc9b363dd669c5e1ae7406
  MJExtension: d9b9c74cbdeb724c1e9ecbb157b318276e62e876
  MJRefresh: 6afc955813966afb08305477dd7a0d9ad5e79a16
  SDCycleScrollView: b3c9a5ed840c771c4938978174c7c9d9feefeb96
  SDWebImage: a990c053fff71e388a10f3357edb0be17929c9c5
  TZImagePickerController: cc0b74d5f01ab4cddcc24dcdfc3c7d68e6261056
  YTKNetwork: a096f80c18c7e7cc0e623a0fbea0a1bfd3f5bcf2
  YYAsyncLayer: df6b01ebc695c5f6b4c15dd5c23fa3e081eb25c0
  YYImage: 1e1b62a9997399593e4b9c4ecfbbabbf1d3f3b54
  YYModel: 2a7fdd96aaa4b86a824e26d0c517de8928c04b30
  YYText: 5c461d709e24d55a182d1441c41dc639a18a4849

PODFILE CHECKSUM: abd86c7b49f4986c8064c796c17d7230e9ee1c3b

COCOAPODS: 1.9.1
